// !$*UTF8*$!
{
	archiveVersion = 1;
	classes = {
	};
	objectVersion = 48;
	objects = {

/* Begin PBXBuildFile section */
		020EF786203C6D2B004BA6DE /* AppDelegate.swift in Sources */ = {isa = PBXBuildFile; fileRef = 020EF785203C6D2B004BA6DE /* AppDelegate.swift */; };
		020EF788203C6D2B004BA6DE /* ViewController.swift in Sources */ = {isa = PBXBuildFile; fileRef = 020EF787203C6D2B004BA6DE /* ViewController.swift */; };
		020EF78B203C6D2B004BA6DE /* Main.storyboard in Resources */ = {isa = PBXBuildFile; fileRef = 020EF789203C6D2B004BA6DE /* Main.storyboard */; };
		020EF78D203C6D2B004BA6DE /* Assets.xcassets in Resources */ = {isa = PBXBuildFile; fileRef = 020EF78C203C6D2B004BA6DE /* Assets.xcassets */; };
		020EF790203C6D2B004BA6DE /* LaunchScreen.storyboard in Resources */ = {isa = PBXBuildFile; fileRef = 020EF78E203C6D2B004BA6DE /* LaunchScreen.storyboard */; };
		020EF798203C6EA6004BA6DE /* GoogleService-Info.plist in Resources */ = {isa = PBXBuildFile; fileRef = 020EF797203C6EA6004BA6DE /* GoogleService-Info.plist */; };
		020EF79A203F04D1004BA6DE /* RoomsViewController.swift in Sources */ = {isa = PBXBuildFile; fileRef = 020EF799203F04D1004BA6DE /* RoomsViewController.swift */; };
		FFCCA22D2AE3F69E7A45333E /* Pods_ChatAppSample.framework in Frameworks */ = {isa = PBXBuildFile; fileRef = 8E6DB2F679F4D659514B308F /* Pods_ChatAppSample.framework */; };
/* End PBXBuildFile section */

/* Begin PBXFileReference section */
		020EF782203C6D2B004BA6DE /* ChatAppSample.app */ = {isa = PBXFileReference; explicitFileType = wrapper.application; includeInIndex = 0; path = ChatAppSample.app; sourceTree = BUILT_PRODUCTS_DIR; };
		020EF785203C6D2B004BA6DE /* AppDelegate.swift */ = {isa = PBXFileReference; lastKnownFileType = sourcecode.swift; path = AppDelegate.swift; sourceTree = "<group>"; };
		020EF787203C6D2B004BA6DE /* ViewController.swift */ = {isa = PBXFileReference; lastKnownFileType = sourcecode.swift; path = ViewController.swift; sourceTree = "<group>"; };
		020EF78A203C6D2B004BA6DE /* Base */ = {isa = PBXFileReference; lastKnownFileType = file.storyboard; name = Base; path = Base.lproj/Main.storyboard; sourceTree = "<group>"; };
		020EF78C203C6D2B004BA6DE /* Assets.xcassets */ = {isa = PBXFileReference; lastKnownFileType = folder.assetcatalog; path = Assets.xcassets; sourceTree = "<group>"; };
		020EF78F203C6D2B004BA6DE /* Base */ = {isa = PBXFileReference; lastKnownFileType = file.storyboard; name = Base; path = Base.lproj/LaunchScreen.storyboard; sourceTree = "<group>"; };
		020EF791203C6D2B004BA6DE /* Info.plist */ = {isa = PBXFileReference; lastKnownFileType = text.plist.xml; path = Info.plist; sourceTree = "<group>"; };
		020EF797203C6EA6004BA6DE /* GoogleService-Info.plist */ = {isa = PBXFileReference; fileEncoding = 4; lastKnownFileType = text.plist.xml; path = "GoogleService-Info.plist"; sourceTree = "<group>"; };
		020EF799203F04D1004BA6DE /* RoomsViewController.swift */ = {isa = PBXFileReference; lastKnownFileType = sourcecode.swift; path = RoomsViewController.swift; sourceTree = "<group>"; };
		82EADCB95181E60DCCFE52E5 /* Pods-ChatAppSample.release.xcconfig */ = {isa = PBXFileReference; includeInIndex = 1; lastKnownFileType = text.xcconfig; name = "Pods-ChatAppSample.release.xcconfig"; path = "Pods/Target Support Files/Pods-ChatAppSample/Pods-ChatAppSample.release.xcconfig"; sourceTree = "<group>"; };
		8E6DB2F679F4D659514B308F /* Pods_ChatAppSample.framework */ = {isa = PBXFileReference; explicitFileType = wrapper.framework; includeInIndex = 0; path = Pods_ChatAppSample.framework; sourceTree = BUILT_PRODUCTS_DIR; };
		B39CA3387E01D11A910E0D85 /* Pods-ChatAppSample.debug.xcconfig */ = {isa = PBXFileReference; includeInIndex = 1; lastKnownFileType = text.xcconfig; name = "Pods-ChatAppSample.debug.xcconfig"; path = "Pods/Target Support Files/Pods-ChatAppSample/Pods-ChatAppSample.debug.xcconfig"; sourceTree = "<group>"; };
/* End PBXFileReference section */

/* Begin PBXFrameworksBuildPhase section */
		020EF77F203C6D2B004BA6DE /* Frameworks */ = {
			isa = PBXFrameworksBuildPhase;
			buildActionMask = 2147483647;
			files = (
				FFCCA22D2AE3F69E7A45333E /* Pods_ChatAppSample.framework in Frameworks */,
			);
			runOnlyForDeploymentPostprocessing = 0;
		};
/* End PBXFrameworksBuildPhase section */

/* Begin PBXGroup section */
		020EF779203C6D2B004BA6DE = {
			isa = PBXGroup;
			children = (
				020EF784203C6D2B004BA6DE /* ChatAppSample */,
				020EF783203C6D2B004BA6DE /* Products */,
				B3ACA6AC9B67B408361FBEBC /* Pods */,
				43B0A3AF05644764FB9F5774 /* Frameworks */,
			);
			sourceTree = "<group>";
		};
		020EF783203C6D2B004BA6DE /* Products */ = {
			isa = PBXGroup;
			children = (
				020EF782203C6D2B004BA6DE /* ChatAppSample.app */,
			);
			name = Products;
			sourceTree = "<group>";
		};
		020EF784203C6D2B004BA6DE /* ChatAppSample */ = {
			isa = PBXGroup;
			children = (
				020EF785203C6D2B004BA6DE /* AppDelegate.swift */,
				020EF787203C6D2B004BA6DE /* ViewController.swift */,
				020EF799203F04D1004BA6DE /* RoomsViewController.swift */,
				020EF789203C6D2B004BA6DE /* Main.storyboard */,
				020EF78C203C6D2B004BA6DE /* Assets.xcassets */,
				020EF78E203C6D2B004BA6DE /* LaunchScreen.storyboard */,
				020EF791203C6D2B004BA6DE /* Info.plist */,
				020EF797203C6EA6004BA6DE /* GoogleService-Info.plist */,
			);
			path = ChatAppSample;
			sourceTree = "<group>";
		};
		43B0A3AF05644764FB9F5774 /* Frameworks */ = {
			isa = PBXGroup;
			children = (
				8E6DB2F679F4D659514B308F /* Pods_ChatAppSample.framework */,
			);
			name = Frameworks;
			sourceTree = "<group>";
		};
		B3ACA6AC9B67B408361FBEBC /* Pods */ = {
			isa = PBXGroup;
			children = (
				B39CA3387E01D11A910E0D85 /* Pods-ChatAppSample.debug.xcconfig */,
				82EADCB95181E60DCCFE52E5 /* Pods-ChatAppSample.release.xcconfig */,
			);
			name = Pods;
			sourceTree = "<group>";
		};
/* End PBXGroup section */

/* Begin PBXNativeTarget section */
		020EF781203C6D2B004BA6DE /* ChatAppSample */ = {
			isa = PBXNativeTarget;
			buildConfigurationList = 020EF794203C6D2B004BA6DE /* Build configuration list for PBXNativeTarget "ChatAppSample" */;
			buildPhases = (
				8476C9D9B12D2D428C9F37B4 /* [CP] Check Pods Manifest.lock */,
				020EF77E203C6D2B004BA6DE /* Sources */,
				020EF77F203C6D2B004BA6DE /* Frameworks */,
				020EF780203C6D2B004BA6DE /* Resources */,
				6550F7E8F61F48E3D689A2C9 /* [CP] Embed Pods Frameworks */,
				70B54D9E8626CC290F8F9474 /* [CP] Copy Pods Resources */,
			);
			buildRules = (
			);
			dependencies = (
			);
			name = ChatAppSample;
			productName = ChatAppSample;
			productReference = 020EF782203C6D2B004BA6DE /* ChatAppSample.app */;
			productType = "com.apple.product-type.application";
		};
/* End PBXNativeTarget section */

/* Begin PBXProject section */
		020EF77A203C6D2B004BA6DE /* Project object */ = {
			isa = PBXProject;
			attributes = {
				LastSwiftUpdateCheck = 0920;
				LastUpgradeCheck = 0920;
				ORGANIZATIONNAME = "Masashi Tsuru";
				TargetAttributes = {
					020EF781203C6D2B004BA6DE = {
						CreatedOnToolsVersion = 9.2;
						ProvisioningStyle = Automatic;
					};
				};
			};
			buildConfigurationList = 020EF77D203C6D2B004BA6DE /* Build configuration list for PBXProject "ChatAppSample" */;
			compatibilityVersion = "Xcode 8.0";
			developmentRegion = en;
			hasScannedForEncodings = 0;
			knownRegions = (
				en,
				Base,
			);
			mainGroup = 020EF779203C6D2B004BA6DE;
			productRefGroup = 020EF783203C6D2B004BA6DE /* Products */;
			projectDirPath = "";
			projectRoot = "";
			targets = (
				020EF781203C6D2B004BA6DE /* ChatAppSample */,
			);
		};
/* End PBXProject section */

/* Begin PBXResourcesBuildPhase section */
		020EF780203C6D2B004BA6DE /* Resources */ = {
			isa = PBXResourcesBuildPhase;
			buildActionMask = 2147483647;
			files = (
				020EF790203C6D2B004BA6DE /* LaunchScreen.storyboard in Resources */,
				020EF798203C6EA6004BA6DE /* GoogleService-Info.plist in Resources */,
				020EF78D203C6D2B004BA6DE /* Assets.xcassets in Resources */,
				020EF78B203C6D2B004BA6DE /* Main.storyboard in Resources */,
			);
			runOnlyForDeploymentPostprocessing = 0;
		};
/* End PBXResourcesBuildPhase section */

/* Begin PBXShellScriptBuildPhase section */
		6550F7E8F61F48E3D689A2C9 /* [CP] Embed Pods Frameworks */ = {
			isa = PBXShellScriptBuildPhase;
			buildActionMask = 2147483647;
			files = (
			);
			inputPaths = (
				"${SRCROOT}/Pods/Target Support Files/Pods-ChatAppSample/Pods-ChatAppSample-frameworks.sh",
				"${BUILT_PRODUCTS_DIR}/GoogleToolboxForMac/GoogleToolboxForMac.framework",
				"${BUILT_PRODUCTS_DIR}/leveldb-library/leveldb.framework",
				"${BUILT_PRODUCTS_DIR}/nanopb/nanopb.framework",
			);
			name = "[CP] Embed Pods Frameworks";
			outputPaths = (
				"${TARGET_BUILD_DIR}/${FRAMEWORKS_FOLDER_PATH}/GoogleToolboxForMac.framework",
				"${TARGET_BUILD_DIR}/${FRAMEWORKS_FOLDER_PATH}/leveldb.framework",
				"${TARGET_BUILD_DIR}/${FRAMEWORKS_FOLDER_PATH}/nanopb.framework",
			);
			runOnlyForDeploymentPostprocessing = 0;
			shellPath = /bin/sh;
			shellScript = "\"${SRCROOT}/Pods/Target Support Files/Pods-ChatAppSample/Pods-ChatAppSample-frameworks.sh\"\n";
			showEnvVarsInLog = 0;
		};
		70B54D9E8626CC290F8F9474 /* [CP] Copy Pods Resources */ = {
			isa = PBXShellScriptBuildPhase;
			buildActionMask = 2147483647;
			files = (
			);
			inputPaths = (
			);
			name = "[CP] Copy Pods Resources";
			outputPaths = (
			);
			runOnlyForDeploymentPostprocessing = 0;
			shellPath = /bin/sh;
			shellScript = "\"${SRCROOT}/Pods/Target Support Files/Pods-ChatAppSample/Pods-ChatAppSample-resources.sh\"\n";
			showEnvVarsInLog = 0;
		};
		8476C9D9B12D2D428C9F37B4 /* [CP] Check Pods Manifest.lock */ = {
			isa = PBXShellScriptBuildPhase;
			buildActionMask = 2147483647;
			files = (
			);
			inputPaths = (
				"${PODS_PODFILE_DIR_PATH}/Podfile.lock",
				"${PODS_ROOT}/Manifest.lock",
			);
			name = "[CP] Check Pods Manifest.lock";
			outputPaths = (
				"$(DERIVED_FILE_DIR)/Pods-ChatAppSample-checkManifestLockResult.txt",
			);
			runOnlyForDeploymentPostprocessing = 0;
			shellPath = /bin/sh;
			shellScript = "diff \"${PODS_PODFILE_DIR_PATH}/Podfile.lock\" \"${PODS_ROOT}/Manifest.lock\" > /dev/null\nif [ $? != 0 ] ; then\n    # print error to STDERR\n    echo \"error: The sandbox is not in sync with the Podfile.lock. Run 'pod install' or update your CocoaPods installation.\" >&2\n    exit 1\nfi\n# This output is used by Xcode 'outputs' to avoid re-running this script phase.\necho \"SUCCESS\" > \"${SCRIPT_OUTPUT_FILE_0}\"\n";
			showEnvVarsInLog = 0;
		};
/* End PBXShellScriptBuildPhase section */

/* Begin PBXSourcesBuildPhase section */
		020EF77E203C6D2B004BA6DE /* Sources */ = {
			isa = PBXSourcesBuildPhase;
			buildActionMask = 2147483647;
			files = (
				020EF788203C6D2B004BA6DE /* ViewController.swift in Sources */,
				020EF79A203F04D1004BA6DE /* RoomsViewController.swift in Sources */,
				020EF786203C6D2B004BA6DE /* AppDelegate.swift in Sources */,
			);
			runOnlyForDeploymentPostprocessing = 0;
		};
/* End PBXSourcesBuildPhase section */

/* Begin PBXVariantGroup section */
		020EF789203C6D2B004BA6DE /* Main.storyboard */ = {
			isa = PBXVariantGroup;
			children = (
				020EF78A203C6D2B004BA6DE /* Base */,
			);
			name = Main.storyboard;
			sourceTree = "<group>";
		};
		020EF78E203C6D2B004BA6DE /* LaunchScreen.storyboard */ = {
			isa = PBXVariantGroup;
			children = (
				020EF78F203C6D2B004BA6DE /* Base */,
			);
			name = LaunchScreen.storyboard;
			sourceTree = "<group>";
		};
/* End PBXVariantGroup section */

/* Begin XCBuildConfiguration section */
		020EF792203C6D2B004BA6DE /* Debug */ = {
			isa = XCBuildConfiguration;
			buildSettings = {
				ALWAYS_SEARCH_USER_PATHS = NO;
				CLANG_ANALYZER_NONNULL = YES;
				CLANG_ANALYZER_NUMBER_OBJECT_CONVERSION = YES_AGGRESSIVE;
				CLANG_CXX_LANGUAGE_STANDARD = "gnu++14";
				CLANG_CXX_LIBRARY = "libc++";
				CLANG_ENABLE_MODULES = YES;
				CLANG_ENABLE_OBJC_ARC = YES;
				CLANG_WARN_BLOCK_CAPTURE_AUTORELEASING = YES;
				CLANG_WARN_BOOL_CONVERSION = YES;
				CLANG_WARN_COMMA = YES;
				CLANG_WARN_CONSTANT_CONVERSION = YES;
				CLANG_WARN_DIRECT_OBJC_ISA_USAGE = YES_ERROR;
				CLANG_WARN_DOCUMENTATION_COMMENTS = YES;
				CLANG_WARN_EMPTY_BODY = YES;
				CLANG_WARN_ENUM_CONVERSION = YES;
				CLANG_WARN_INFINITE_RECURSION = YES;
				CLANG_WARN_INT_CONVERSION = YES;
				CLANG_WARN_NON_LITERAL_NULL_CONVERSION = YES;
				CLANG_WARN_OBJC_LITERAL_CONVERSION = YES;
				CLANG_WARN_OBJC_ROOT_CLASS = YES_ERROR;
				CLANG_WARN_RANGE_LOOP_ANALYSIS = YES;
				CLANG_WARN_STRICT_PROTOTYPES = YES;
				CLANG_WARN_SUSPICIOUS_MOVE = YES;
				CLANG_WARN_UNGUARDED_AVAILABILITY = YES_AGGRESSIVE;
				CLANG_WARN_UNREACHABLE_CODE = YES;
				CLANG_WARN__DUPLICATE_METHOD_MATCH = YES;
				CODE_SIGN_IDENTITY = "iPhone Developer";
				COPY_PHASE_STRIP = NO;
				DEBUG_INFORMATION_FORMAT = dwarf;
				ENABLE_STRICT_OBJC_MSGSEND = YES;
				ENABLE_TESTABILITY = YES;
				GCC_C_LANGUAGE_STANDARD = gnu11;
				GCC_DYNAMIC_NO_PIC = NO;
				GCC_NO_COMMON_BLOCKS = YES;
				GCC_OPTIMIZATION_LEVEL = 0;
				GCC_PREPROCESSOR_DEFINITIONS = (
					"DEBUG=1",
					"$(inherited)",
				);
				GCC_WARN_64_TO_32_BIT_CONVERSION = YES;
				GCC_WARN_ABOUT_RETURN_TYPE = YES_ERROR;
				GCC_WARN_UNDECLARED_SELECTOR = YES;
				GCC_WARN_UNINITIALIZED_AUTOS = YES_AGGRESSIVE;
				GCC_WARN_UNUSED_FUNCTION = YES;
				GCC_WARN_UNUSED_VARIABLE = YES;
				IPHONEOS_DEPLOYMENT_TARGET = 11.2;
				MTL_ENABLE_DEBUG_INFO = YES;
				ONLY_ACTIVE_ARCH = YES;
				SDKROOT = iphoneos;
				SWIFT_ACTIVE_COMPILATION_CONDITIONS = DEBUG;
				SWIFT_OPTIMIZATION_LEVEL = "-Onone";
			};
			name = Debug;
		};
		020EF793203C6D2B004BA6DE /* Release */ = {
			isa = XCBuildConfiguration;
			buildSettings = {
				ALWAYS_SEARCH_USER_PATHS = NO;
				CLANG_ANALYZER_NONNULL = YES;
				CLANG_ANALYZER_NUMBER_OBJECT_CONVERSION = YES_AGGRESSIVE;
				CLANG_CXX_LANGUAGE_STANDARD = "gnu++14";
				CLANG_CXX_LIBRARY = "libc++";
				CLANG_ENABLE_MODULES = YES;
				CLANG_ENABLE_OBJC_ARC = YES;
				CLANG_WARN_BLOCK_CAPTURE_AUTORELEASING = YES;
				CLANG_WARN_BOOL_CONVERSION = YES;
				CLANG_WARN_COMMA = YES;
				CLANG_WARN_CONSTANT_CONVERSION = YES;
				CLANG_WARN_DIRECT_OBJC_ISA_USAGE = YES_ERROR;
				CLANG_WARN_DOCUMENTATION_COMMENTS = YES;
				CLANG_WARN_EMPTY_BODY = YES;
				CLANG_WARN_ENUM_CONVERSION = YES;
				CLANG_WARN_INFINITE_RECURSION = YES;
				CLANG_WARN_INT_CONVERSION = YES;
				CLANG_WARN_NON_LITERAL_NULL_CONVERSION = YES;
				CLANG_WARN_OBJC_LITERAL_CONVERSION = YES;
				CLANG_WARN_OBJC_ROOT_CLASS = YES_ERROR;
				CLANG_WARN_RANGE_LOOP_ANALYSIS = YES;
				CLANG_WARN_STRICT_PROTOTYPES = YES;
				CLANG_WARN_SUSPICIOUS_MOVE = YES;
				CLANG_WARN_UNGUARDED_AVAILABILITY = YES_AGGRESSIVE;
				CLANG_WARN_UNREACHABLE_CODE = YES;
				CLANG_WARN__DUPLICATE_METHOD_MATCH = YES;
				CODE_SIGN_IDENTITY = "iPhone Developer";
				COPY_PHASE_STRIP = NO;
				DEBUG_INFORMATION_FORMAT = "dwarf-with-dsym";
				ENABLE_NS_ASSERTIONS = NO;
				ENABLE_STRICT_OBJC_MSGSEND = YES;
				GCC_C_LANGUAGE_STANDARD = gnu11;
				GCC_NO_COMMON_BLOCKS = YES;
				GCC_WARN_64_TO_32_BIT_CONVERSION = YES;
				GCC_WARN_ABOUT_RETURN_TYPE = YES_ERROR;
				GCC_WARN_UNDECLARED_SELECTOR = YES;
				GCC_WARN_UNINITIALIZED_AUTOS = YES_AGGRESSIVE;
				GCC_WARN_UNUSED_FUNCTION = YES;
				GCC_WARN_UNUSED_VARIABLE = YES;
				IPHONEOS_DEPLOYMENT_TARGET = 11.2;
				MTL_ENABLE_DEBUG_INFO = NO;
				SDKROOT = iphoneos;
				SWIFT_OPTIMIZATION_LEVEL = "-Owholemodule";
				VALIDATE_PRODUCT = YES;
			};
			name = Release;
		};
		020EF795203C6D2B004BA6DE /* Debug */ = {
			isa = XCBuildConfiguration;
			baseConfigurationReference = B39CA3387E01D11A910E0D85 /* Pods-ChatAppSample.debug.xcconfig */;
			buildSettings = {
				ASSETCATALOG_COMPILER_APPICON_NAME = AppIcon;
				CODE_SIGN_STYLE = Automatic;
				INFOPLIST_FILE = ChatAppSample/Info.plist;
				LD_RUNPATH_SEARCH_PATHS = "$(inherited) @executable_path/Frameworks";
				PRODUCT_BUNDLE_IDENTIFIER = info.2626.ChatAppSample;
				PRODUCT_NAME = "$(TARGET_NAME)";
				SWIFT_VERSION = 4.0;
				TARGETED_DEVICE_FAMILY = "1,2";
			};
			name = Debug;
		};
		020EF796203C6D2B004BA6DE /* Release */ = {
			isa = XCBuildConfiguration;
			baseConfigurationReference = 82EADCB95181E60DCCFE52E5 /* Pods-ChatAppSample.release.xcconfig */;
			buildSettings = {
				ASSETCATALOG_COMPILER_APPICON_NAME = AppIcon;
				CODE_SIGN_STYLE = Automatic;
				INFOPLIST_FILE = ChatAppSample/Info.plist;
				LD_RUNPATH_SEARCH_PATHS = "$(inherited) @executable_path/Frameworks";
				PRODUCT_BUNDLE_IDENTIFIER = info.2626.ChatAppSample;
				PRODUCT_NAME = "$(TARGET_NAME)";
				SWIFT_VERSION = 4.0;
				TARGETED_DEVICE_FAMILY = "1,2";
			};
			name = Release;
		};
/* End XCBuildConfiguration section */

/* Begin XCConfigurationList section */
		020EF77D203C6D2B004BA6DE /* Build configuration list for PBXProject "ChatAppSample" */ = {
			isa = XCConfigurationList;
			buildConfigurations = (
				020EF792203C6D2B004BA6DE /* Debug */,
				020EF793203C6D2B004BA6DE /* Release */,
			);
			defaultConfigurationIsVisible = 0;
			defaultConfigurationName = Release;
		};
		020EF794203C6D2B004BA6DE /* Build configuration list for PBXNativeTarget "ChatAppSample" */ = {
			isa = XCConfigurationList;
			buildConfigurations = (
				020EF795203C6D2B004BA6DE /* Debug */,
				020EF796203C6D2B004BA6DE /* Release */,
			);
			defaultConfigurationIsVisible = 0;
			defaultConfigurationName = Release;
		};
/* End XCConfigurationList section */
	};
	rootObject = 020EF77A203C6D2B004BA6DE /* Project object */;
}
